// !$*UTF8*$!
{
	archiveVersion = 1;
	classes = {
	};
	objectVersion = 50;
	objects = {

/* Begin PBXBuildFile section */
		2471EBD42437D68300245E58 /* AppDelegate.swift in Sources */ = {isa = PBXBuildFile; fileRef = 2471EBD32437D68300245E58 /* AppDelegate.swift */; };
		2471EBD62437D68300245E58 /* SceneDelegate.swift in Sources */ = {isa = PBXBuildFile; fileRef = 2471EBD52437D68300245E58 /* SceneDelegate.swift */; };
		2471EBD82437D68300245E58 /* ViewController.swift in Sources */ = {isa = PBXBuildFile; fileRef = 2471EBD72437D68300245E58 /* ViewController.swift */; };
		2471EBDB2437D68300245E58 /* Main.storyboard in Resources */ = {isa = PBXBuildFile; fileRef = 2471EBD92437D68300245E58 /* Main.storyboard */; };
		2471EBDD2437D68500245E58 /* Assets.xcassets in Resources */ = {isa = PBXBuildFile; fileRef = 2471EBDC2437D68500245E58 /* Assets.xcassets */; };
		2471EBE02437D68500245E58 /* LaunchScreen.storyboard in Resources */ = {isa = PBXBuildFile; fileRef = 2471EBDE2437D68500245E58 /* LaunchScreen.storyboard */; };
		2471EBE82437DC9C00245E58 /* ItunesMediaController.swift in Sources */ = {isa = PBXBuildFile; fileRef = 2471EBE72437DC9C00245E58 /* ItunesMediaController.swift */; };
		2471EBEA2437DE8C00245E58 /* ItunesResultModel.swift in Sources */ = {isa = PBXBuildFile; fileRef = 2471EBE92437DE8C00245E58 /* ItunesResultModel.swift */; };
		2471EBEC2437EF3A00245E58 /* ServiceHandler.swift in Sources */ = {isa = PBXBuildFile; fileRef = 2471EBEB2437EF3A00245E58 /* ServiceHandler.swift */; };
		2474BFBD2437FA4500E3486B /* ItunesDataTableViewCell.swift in Sources */ = {isa = PBXBuildFile; fileRef = 2474BFBC2437FA4500E3486B /* ItunesDataTableViewCell.swift */; };
		2474BFC32437FDCA00E3486B /* CustomNavigationController.swift in Sources */ = {isa = PBXBuildFile; fileRef = 2474BFC22437FDCA00E3486B /* CustomNavigationController.swift */; };
		2474BFC52437FE0200E3486B /* UIColor+Theme.swift in Sources */ = {isa = PBXBuildFile; fileRef = 2474BFC42437FE0200E3486B /* UIColor+Theme.swift */; };
		2474BFC7243805C700E3486B /* CustomImageView.swift in Sources */ = {isa = PBXBuildFile; fileRef = 2474BFC6243805C700E3486B /* CustomImageView.swift */; };
		2474BFC9243830D000E3486B /* MediaType.swift in Sources */ = {isa = PBXBuildFile; fileRef = 2474BFC8243830D000E3486B /* MediaType.swift */; };
		2474BFCB2438E9C700E3486B /* ResultListController+UITableViewController.swift in Sources */ = {isa = PBXBuildFile; fileRef = 2474BFCA2438E9C700E3486B /* ResultListController+UITableViewController.swift */; };
/* End PBXBuildFile section */

/* Begin PBXFileReference section */
		2471EBD02437D68300245E58 /* ITuneContentFetch.app */ = {isa = PBXFileReference; explicitFileType = wrapper.application; includeInIndex = 0; path = ITuneContentFetch.app; sourceTree = BUILT_PRODUCTS_DIR; };
		2471EBD32437D68300245E58 /* AppDelegate.swift */ = {isa = PBXFileReference; lastKnownFileType = sourcecode.swift; path = AppDelegate.swift; sourceTree = "<group>"; };
		2471EBD52437D68300245E58 /* SceneDelegate.swift */ = {isa = PBXFileReference; lastKnownFileType = sourcecode.swift; path = SceneDelegate.swift; sourceTree = "<group>"; };
		2471EBD72437D68300245E58 /* ViewController.swift */ = {isa = PBXFileReference; lastKnownFileType = sourcecode.swift; path = ViewController.swift; sourceTree = "<group>"; };
		2471EBDA2437D68300245E58 /* Base */ = {isa = PBXFileReference; lastKnownFileType = file.storyboard; name = Base; path = Base.lproj/Main.storyboard; sourceTree = "<group>"; };
		2471EBDC2437D68500245E58 /* Assets.xcassets */ = {isa = PBXFileReference; lastKnownFileType = folder.assetcatalog; path = Assets.xcassets; sourceTree = "<group>"; };
		2471EBDF2437D68500245E58 /* Base */ = {isa = PBXFileReference; lastKnownFileType = file.storyboard; name = Base; path = Base.lproj/LaunchScreen.storyboard; sourceTree = "<group>"; };
		2471EBE12437D68500245E58 /* Info.plist */ = {isa = PBXFileReference; lastKnownFileType = text.plist.xml; path = Info.plist; sourceTree = "<group>"; };
		2471EBE72437DC9C00245E58 /* ItunesMediaController.swift */ = {isa = PBXFileReference; lastKnownFileType = sourcecode.swift; path = ItunesMediaController.swift; sourceTree = "<group>"; };
		2471EBE92437DE8C00245E58 /* ItunesResultModel.swift */ = {isa = PBXFileReference; lastKnownFileType = sourcecode.swift; path = ItunesResultModel.swift; sourceTree = "<group>"; };
		2471EBEB2437EF3A00245E58 /* ServiceHandler.swift */ = {isa = PBXFileReference; lastKnownFileType = sourcecode.swift; path = ServiceHandler.swift; sourceTree = "<group>"; };
		2474BFBC2437FA4500E3486B /* ItunesDataTableViewCell.swift */ = {isa = PBXFileReference; lastKnownFileType = sourcecode.swift; path = ItunesDataTableViewCell.swift; sourceTree = "<group>"; };
		2474BFC22437FDCA00E3486B /* CustomNavigationController.swift */ = {isa = PBXFileReference; lastKnownFileType = sourcecode.swift; path = CustomNavigationController.swift; sourceTree = "<group>"; };
		2474BFC42437FE0200E3486B /* UIColor+Theme.swift */ = {isa = PBXFileReference; lastKnownFileType = sourcecode.swift; path = "UIColor+Theme.swift"; sourceTree = "<group>"; };
		2474BFC6243805C700E3486B /* CustomImageView.swift */ = {isa = PBXFileReference; lastKnownFileType = sourcecode.swift; path = CustomImageView.swift; sourceTree = "<group>"; };
		2474BFC8243830D000E3486B /* MediaType.swift */ = {isa = PBXFileReference; lastKnownFileType = sourcecode.swift; path = MediaType.swift; sourceTree = "<group>"; };
		2474BFCA2438E9C700E3486B /* ResultListController+UITableViewController.swift */ = {isa = PBXFileReference; lastKnownFileType = sourcecode.swift; path = "ResultListController+UITableViewController.swift"; sourceTree = "<group>"; };
/* End PBXFileReference section */

/* Begin PBXFrameworksBuildPhase section */
		2471EBCD2437D68300245E58 /* Frameworks */ = {
			isa = PBXFrameworksBuildPhase;
			buildActionMask = 2147483647;
			files = (
			);
			runOnlyForDeploymentPostprocessing = 0;
		};
/* End PBXFrameworksBuildPhase section */

/* Begin PBXGroup section */
		2471EBC72437D68300245E58 = {
			isa = PBXGroup;
			children = (
				2471EBD22437D68300245E58 /* ITuneContentFetch */,
				2471EBD12437D68300245E58 /* Products */,
			);
			sourceTree = "<group>";
		};
		2471EBD12437D68300245E58 /* Products */ = {
			isa = PBXGroup;
			children = (
				2471EBD02437D68300245E58 /* ITuneContentFetch.app */,
			);
			name = Products;
			sourceTree = "<group>";
		};
		2471EBD22437D68300245E58 /* ITuneContentFetch */ = {
			isa = PBXGroup;
			children = (
				2474BFC12437FDAF00E3486B /* Extensions */,
				2474BFBB2437FA0000E3486B /* CustomClass */,
				2471EBED2437F1E800245E58 /* Controller */,
				2471EBEF2437F21200245E58 /* Service */,
				2471EBEE2437F20100245E58 /* Model */,
				2471EBD32437D68300245E58 /* AppDelegate.swift */,
				2471EBD52437D68300245E58 /* SceneDelegate.swift */,
				2471EBD92437D68300245E58 /* Main.storyboard */,
				2471EBDC2437D68500245E58 /* Assets.xcassets */,
				2471EBDE2437D68500245E58 /* LaunchScreen.storyboard */,
				2471EBE12437D68500245E58 /* Info.plist */,
			);
			path = ITuneContentFetch;
			sourceTree = "<group>";
		};
		2471EBED2437F1E800245E58 /* Controller */ = {
			isa = PBXGroup;
			children = (
				2471EBE72437DC9C00245E58 /* ItunesMediaController.swift */,
				2471EBD72437D68300245E58 /* ViewController.swift */,
			);
			path = Controller;
			sourceTree = "<group>";
		};
		2471EBEE2437F20100245E58 /* Model */ = {
			isa = PBXGroup;
			children = (
				2471EBE92437DE8C00245E58 /* ItunesResultModel.swift */,
				2474BFC8243830D000E3486B /* MediaType.swift */,
			);
			path = Model;
			sourceTree = "<group>";
		};
		2471EBEF2437F21200245E58 /* Service */ = {
			isa = PBXGroup;
			children = (
				2471EBEB2437EF3A00245E58 /* ServiceHandler.swift */,
			);
			path = Service;
			sourceTree = "<group>";
		};
		2474BFBB2437FA0000E3486B /* CustomClass */ = {
			isa = PBXGroup;
			children = (
				2474BFBC2437FA4500E3486B /* ItunesDataTableViewCell.swift */,
				2474BFC6243805C700E3486B /* CustomImageView.swift */,
			);
			path = CustomClass;
			sourceTree = "<group>";
		};
		2474BFC12437FDAF00E3486B /* Extensions */ = {
			isa = PBXGroup;
			children = (
				2474BFC22437FDCA00E3486B /* CustomNavigationController.swift */,
				2474BFC42437FE0200E3486B /* UIColor+Theme.swift */,
				2474BFCA2438E9C700E3486B /* ResultListController+UITableViewController.swift */,
			);
			path = Extensions;
			sourceTree = "<group>";
		};
/* End PBXGroup section */

/* Begin PBXNativeTarget section */
		2471EBCF2437D68300245E58 /* ITuneContentFetch */ = {
			isa = PBXNativeTarget;
			buildConfigurationList = 2471EBE42437D68500245E58 /* Build configuration list for PBXNativeTarget "ITuneContentFetch" */;
			buildPhases = (
				2471EBCC2437D68300245E58 /* Sources */,
				2471EBCD2437D68300245E58 /* Frameworks */,
				2471EBCE2437D68300245E58 /* Resources */,
			);
			buildRules = (
			);
			dependencies = (
			);
			name = ITuneContentFetch;
			productName = ITuneContentFetch;
			productReference = 2471EBD02437D68300245E58 /* ITuneContentFetch.app */;
			productType = "com.apple.product-type.application";
		};
/* End PBXNativeTarget section */

/* Begin PBXProject section */
		2471EBC82437D68300245E58 /* Project object */ = {
			isa = PBXProject;
			attributes = {
				LastSwiftUpdateCheck = 1130;
				LastUpgradeCheck = 1130;
				ORGANIZATIONNAME = "Bharatraj Rai";
				TargetAttributes = {
					2471EBCF2437D68300245E58 = {
						CreatedOnToolsVersion = 11.3.1;
					};
				};
			};
			buildConfigurationList = 2471EBCB2437D68300245E58 /* Build configuration list for PBXProject "ITuneContentFetch" */;
			compatibilityVersion = "Xcode 9.3";
			developmentRegion = en;
			hasScannedForEncodings = 0;
			knownRegions = (
				en,
				Base,
			);
			mainGroup = 2471EBC72437D68300245E58;
			productRefGroup = 2471EBD12437D68300245E58 /* Products */;
			projectDirPath = "";
			projectRoot = "";
			targets = (
				2471EBCF2437D68300245E58 /* ITuneContentFetch */,
			);
		};
/* End PBXProject section */

/* Begin PBXResourcesBuildPhase section */
		2471EBCE2437D68300245E58 /* Resources */ = {
			isa = PBXResourcesBuildPhase;
			buildActionMask = 2147483647;
			files = (
				2471EBE02437D68500245E58 /* LaunchScreen.storyboard in Resources */,
				2471EBDD2437D68500245E58 /* Assets.xcassets in Resources */,
				2471EBDB2437D68300245E58 /* Main.storyboard in Resources */,
			);
			runOnlyForDeploymentPostprocessing = 0;
		};
/* End PBXResourcesBuildPhase section */

/* Begin PBXSourcesBuildPhase section */
		2471EBCC2437D68300245E58 /* Sources */ = {
			isa = PBXSourcesBuildPhase;
			buildActionMask = 2147483647;
			files = (
				2471EBE82437DC9C00245E58 /* ItunesMediaController.swift in Sources */,
				2471EBD82437D68300245E58 /* ViewController.swift in Sources */,
				2474BFCB2438E9C700E3486B /* ResultListController+UITableViewController.swift in Sources */,
				2471EBD42437D68300245E58 /* AppDelegate.swift in Sources */,
				2474BFC52437FE0200E3486B /* UIColor+Theme.swift in Sources */,
				2474BFBD2437FA4500E3486B /* ItunesDataTableViewCell.swift in Sources */,
				2474BFC32437FDCA00E3486B /* CustomNavigationController.swift in Sources */,
				2471EBD62437D68300245E58 /* SceneDelegate.swift in Sources */,
				2471EBEC2437EF3A00245E58 /* ServiceHandler.swift in Sources */,
				2471EBEA2437DE8C00245E58 /* ItunesResultModel.swift in Sources */,
				2474BFC9243830D000E3486B /* MediaType.swift in Sources */,
				2474BFC7243805C700E3486B /* CustomImageView.swift in Sources */,
			);
			runOnlyForDeploymentPostprocessing = 0;
		};
/* End PBXSourcesBuildPhase section */

/* Begin PBXVariantGroup section */
		2471EBD92437D68300245E58 /* Main.storyboard */ = {
			isa = PBXVariantGroup;
			children = (
				2471EBDA2437D68300245E58 /* Base */,
			);
			name = Main.storyboard;
			sourceTree = "<group>";
		};
		2471EBDE2437D68500245E58 /* LaunchScreen.storyboard */ = {
			isa = PBXVariantGroup;
			children = (
				2471EBDF2437D68500245E58 /* Base */,
			);
			name = LaunchScreen.storyboard;
			sourceTree = "<group>";
		};
/* End PBXVariantGroup section */

/* Begin XCBuildConfiguration section */
		2471EBE22437D68500245E58 /* Debug */ = {
			isa = XCBuildConfiguration;
			buildSettings = {
				ALWAYS_SEARCH_USER_PATHS = NO;
				CLANG_ANALYZER_NONNULL = YES;
				CLANG_ANALYZER_NUMBER_OBJECT_CONVERSION = YES_AGGRESSIVE;
				CLANG_CXX_LANGUAGE_STANDARD = "gnu++14";
				CLANG_CXX_LIBRARY = "libc++";
				CLANG_ENABLE_MODULES = YES;
				CLANG_ENABLE_OBJC_ARC = YES;
				CLANG_ENABLE_OBJC_WEAK = YES;
				CLANG_WARN_BLOCK_CAPTURE_AUTORELEASING = YES;
				CLANG_WARN_BOOL_CONVERSION = YES;
				CLANG_WARN_COMMA = YES;
				CLANG_WARN_CONSTANT_CONVERSION = YES;
				CLANG_WARN_DEPRECATED_OBJC_IMPLEMENTATIONS = YES;
				CLANG_WARN_DIRECT_OBJC_ISA_USAGE = YES_ERROR;
				CLANG_WARN_DOCUMENTATION_COMMENTS = YES;
				CLANG_WARN_EMPTY_BODY = YES;
				CLANG_WARN_ENUM_CONVERSION = YES;
				CLANG_WARN_INFINITE_RECURSION = YES;
				CLANG_WARN_INT_CONVERSION = YES;
				CLANG_WARN_NON_LITERAL_NULL_CONVERSION = YES;
				CLANG_WARN_OBJC_IMPLICIT_RETAIN_SELF = YES;
				CLANG_WARN_OBJC_LITERAL_CONVERSION = YES;
				CLANG_WARN_OBJC_ROOT_CLASS = YES_ERROR;
				CLANG_WARN_RANGE_LOOP_ANALYSIS = YES;
				CLANG_WARN_STRICT_PROTOTYPES = YES;
				CLANG_WARN_SUSPICIOUS_MOVE = YES;
				CLANG_WARN_UNGUARDED_AVAILABILITY = YES_AGGRESSIVE;
				CLANG_WARN_UNREACHABLE_CODE = YES;
				CLANG_WARN__DUPLICATE_METHOD_MATCH = YES;
				COPY_PHASE_STRIP = NO;
				DEBUG_INFORMATION_FORMAT = dwarf;
				ENABLE_STRICT_OBJC_MSGSEND = YES;
				ENABLE_TESTABILITY = YES;
				GCC_C_LANGUAGE_STANDARD = gnu11;
				GCC_DYNAMIC_NO_PIC = NO;
				GCC_NO_COMMON_BLOCKS = YES;
				GCC_OPTIMIZATION_LEVEL = 0;
				GCC_PREPROCESSOR_DEFINITIONS = (
					"DEBUG=1",
					"$(inherited)",
				);
				GCC_WARN_64_TO_32_BIT_CONVERSION = YES;
				GCC_WARN_ABOUT_RETURN_TYPE = YES_ERROR;
				GCC_WARN_UNDECLARED_SELECTOR = YES;
				GCC_WARN_UNINITIALIZED_AUTOS = YES_AGGRESSIVE;
				GCC_WARN_UNUSED_FUNCTION = YES;
				GCC_WARN_UNUSED_VARIABLE = YES;
				IPHONEOS_DEPLOYMENT_TARGET = 13.2;
				MTL_ENABLE_DEBUG_INFO = INCLUDE_SOURCE;
				MTL_FAST_MATH = YES;
				ONLY_ACTIVE_ARCH = YES;
				SDKROOT = iphoneos;
				SWIFT_ACTIVE_COMPILATION_CONDITIONS = DEBUG;
				SWIFT_OPTIMIZATION_LEVEL = "-Onone";
			};
			name = Debug;
		};
		2471EBE32437D68500245E58 /* Release */ = {
			isa = XCBuildConfiguration;
			buildSettings = {
				ALWAYS_SEARCH_USER_PATHS = NO;
				CLANG_ANALYZER_NONNULL = YES;
				CLANG_ANALYZER_NUMBER_OBJECT_CONVERSION = YES_AGGRESSIVE;
				CLANG_CXX_LANGUAGE_STANDARD = "gnu++14";
				CLANG_CXX_LIBRARY = "libc++";
				CLANG_ENABLE_MODULES = YES;
				CLANG_ENABLE_OBJC_ARC = YES;
				CLANG_ENABLE_OBJC_WEAK = YES;
				CLANG_WARN_BLOCK_CAPTURE_AUTORELEASING = YES;
				CLANG_WARN_BOOL_CONVERSION = YES;
				CLANG_WARN_COMMA = YES;
				CLANG_WARN_CONSTANT_CONVERSION = YES;
				CLANG_WARN_DEPRECATED_OBJC_IMPLEMENTATIONS = YES;
				CLANG_WARN_DIRECT_OBJC_ISA_USAGE = YES_ERROR;
				CLANG_WARN_DOCUMENTATION_COMMENTS = YES;
				CLANG_WARN_EMPTY_BODY = YES;
				CLANG_WARN_ENUM_CONVERSION = YES;
				CLANG_WARN_INFINITE_RECURSION = YES;
				CLANG_WARN_INT_CONVERSION = YES;
				CLANG_WARN_NON_LITERAL_NULL_CONVERSION = YES;
				CLANG_WARN_OBJC_IMPLICIT_RETAIN_SELF = YES;
				CLANG_WARN_OBJC_LITERAL_CONVERSION = YES;
				CLANG_WARN_OBJC_ROOT_CLASS = YES_ERROR;
				CLANG_WARN_RANGE_LOOP_ANALYSIS = YES;
				CLANG_WARN_STRICT_PROTOTYPES = YES;
				CLANG_WARN_SUSPICIOUS_MOVE = YES;
				CLANG_WARN_UNGUARDED_AVAILABILITY = YES_AGGRESSIVE;
				CLANG_WARN_UNREACHABLE_CODE = YES;
				CLANG_WARN__DUPLICATE_METHOD_MATCH = YES;
				COPY_PHASE_STRIP = NO;
				DEBUG_INFORMATION_FORMAT = "dwarf-with-dsym";
				ENABLE_NS_ASSERTIONS = NO;
				ENABLE_STRICT_OBJC_MSGSEND = YES;
				GCC_C_LANGUAGE_STANDARD = gnu11;
				GCC_NO_COMMON_BLOCKS = YES;
				GCC_WARN_64_TO_32_BIT_CONVERSION = YES;
				GCC_WARN_ABOUT_RETURN_TYPE = YES_ERROR;
				GCC_WARN_UNDECLARED_SELECTOR = YES;
				GCC_WARN_UNINITIALIZED_AUTOS = YES_AGGRESSIVE;
				GCC_WARN_UNUSED_FUNCTION = YES;
				GCC_WARN_UNUSED_VARIABLE = YES;
				IPHONEOS_DEPLOYMENT_TARGET = 13.2;
				MTL_ENABLE_DEBUG_INFO = NO;
				MTL_FAST_MATH = YES;
				SDKROOT = iphoneos;
				SWIFT_COMPILATION_MODE = wholemodule;
				SWIFT_OPTIMIZATION_LEVEL = "-O";
				VALIDATE_PRODUCT = YES;
			};
			name = Release;
		};
		2471EBE52437D68500245E58 /* Debug */ = {
			isa = XCBuildConfiguration;
			buildSettings = {
				ASSETCATALOG_COMPILER_APPICON_NAME = AppIcon;
				CODE_SIGN_STYLE = Automatic;
				DEVELOPMENT_TEAM = 797NTD4QM9;
				INFOPLIST_FILE = ITuneContentFetch/Info.plist;
				LD_RUNPATH_SEARCH_PATHS = (
					"$(inherited)",
					"@executable_path/Frameworks",
				);
				PRODUCT_BUNDLE_IDENTIFIER = com.bharatraj.ITuneContentFetch;
				PRODUCT_NAME = "$(TARGET_NAME)";
				SWIFT_VERSION = 5.0;
				TARGETED_DEVICE_FAMILY = "1,2";
			};
			name = Debug;
		};
		2471EBE62437D68500245E58 /* Release */ = {
			isa = XCBuildConfiguration;
			buildSettings = {
				ASSETCATALOG_COMPILER_APPICON_NAME = AppIcon;
				CODE_SIGN_STYLE = Automatic;
				DEVELOPMENT_TEAM = 797NTD4QM9;
				INFOPLIST_FILE = ITuneContentFetch/Info.plist;
				LD_RUNPATH_SEARCH_PATHS = (
					"$(inherited)",
					"@executable_path/Frameworks",
				);
				PRODUCT_BUNDLE_IDENTIFIER = com.bharatraj.ITuneContentFetch;
				PRODUCT_NAME = "$(TARGET_NAME)";
				SWIFT_VERSION = 5.0;
				TARGETED_DEVICE_FAMILY = "1,2";
			};
			name = Release;
		};
/* End XCBuildConfiguration section */

/* Begin XCConfigurationList section */
		2471EBCB2437D68300245E58 /* Build configuration list for PBXProject "ITuneContentFetch" */ = {
			isa = XCConfigurationList;
			buildConfigurations = (
				2471EBE22437D68500245E58 /* Debug */,
				2471EBE32437D68500245E58 /* Release */,
			);
			defaultConfigurationIsVisible = 0;
			defaultConfigurationName = Release;
		};
		2471EBE42437D68500245E58 /* Build configuration list for PBXNativeTarget "ITuneContentFetch" */ = {
			isa = XCConfigurationList;
			buildConfigurations = (
				2471EBE52437D68500245E58 /* Debug */,
				2471EBE62437D68500245E58 /* Release */,
			);
			defaultConfigurationIsVisible = 0;
			defaultConfigurationName = Release;
		};
/* End XCConfigurationList section */
	};
	rootObject = 2471EBC82437D68300245E58 /* Project object */;
}
